%{
  "bunt": {:hex, :bunt, "1.0.0", "081c2c665f086849e6d57900292b3a161727ab40431219529f13c4ddcf3e7a44", [:mix], [], "hexpm", "dc5f86aa08a5f6fa6b8096f0735c4e76d54ae5c9fa2c143e5a1fc7c1cd9bb6b5"},
  "castore": {:hex, :castore, "1.0.11", "4bbd584741601eb658007339ea730b082cc61f3554cf2e8f39bf693a11b49073", [:mix], [], "hexpm", "e03990b4db988df56262852f20de0f659871c35154691427a5047f4967a16a62"},
  "credo": {:hex, :credo, "1.7.11", "d3e805f7ddf6c9c854fd36f089649d7cf6ba74c42bc3795d587814e3c9847102", [:mix], [{:bunt, "~> 0.2.1 or ~> 1.0", [hex: :bunt, repo: "hexpm", optional: false]}, {:file_system, "~> 0.2 or ~> 1.0", [hex: :file_system, repo: "hexpm", optional: false]}, {:jason, "~> 1.0", [hex: :jason, repo: "hexpm", optional: false]}], "hexpm", "56826b4306843253a66e47ae45e98e7d284ee1f95d53d1612bb483f88a8cf219"},
  "dialyxir": {:hex, :dialyxir, "1.4.5", "ca1571ac18e0f88d4ab245f0b60fa31ff1b12cbae2b11bd25d207f865e8ae78a", [:mix], [{:erlex, ">= 0.2.7", [hex: :erlex, repo: "hexpm", optional: false]}], "hexpm", "b0fb08bb8107c750db5c0b324fa2df5ceaa0f9307690ee3c1f6ba5b9eb5d35c3"},
  "earmark": {:hex, :earmark, "1.4.2", "3aa0bd23bc4c61cf2f1e5d752d1bb470560a6f8539974f767a38923bb20e1d7f", [:mix], [], "hexpm", "5e8806285d8a3a8999bd38e4a73c58d28534c856bc38c44818e5ba85bbda16fb"},
  "earmark_parser": {:hex, :earmark_parser, "1.4.42", "f23d856f41919f17cd06a493923a722d87a2d684f143a1e663c04a2b93100682", [:mix], [], "hexpm", "6915b6ca369b5f7346636a2f41c6a6d78b5af419d61a611079189233358b8b8b"},
  "elixir_uuid": {:hex, :elixir_uuid, "1.2.1", "dce506597acb7e6b0daeaff52ff6a9043f5919a4c3315abb4143f0b00378c097", [:mix], [], "hexpm", "f7eba2ea6c3555cea09706492716b0d87397b88946e6380898c2889d68585752"},
  "erlex": {:hex, :erlex, "0.2.7", "810e8725f96ab74d17aac676e748627a07bc87eb950d2b83acd29dc047a30595", [:mix], [], "hexpm", "3ed95f79d1a844c3f6bf0cea61e0d5612a42ce56da9c03f01df538685365efb0"},
  "ex_doc": {:hex, :ex_doc, "0.36.1", "4197d034f93e0b89ec79fac56e226107824adcce8d2dd0a26f5ed3a95efc36b1", [:mix], [{:earmark_parser, "~> 1.4.42", [hex: :earmark_parser, repo: "hexpm", optional: false]}, {:makeup_c, ">= 0.1.0", [hex: :makeup_c, repo: "hexpm", optional: true]}, {:makeup_elixir, "~> 0.14 or ~> 1.0", [hex: :makeup_elixir, repo: "hexpm", optional: false]}, {:makeup_erlang, "~> 0.1 or ~> 1.0", [hex: :makeup_erlang, repo: "hexpm", optional: false]}, {:makeup_html, ">= 0.1.0", [hex: :makeup_html, repo: "hexpm", optional: true]}], "hexpm", "d7d26a7cf965dacadcd48f9fa7b5953d7d0cfa3b44fa7a65514427da44eafd89"},
  "file_system": {:hex, :file_system, "0.2.10", "fb082005a9cd1711c05b5248710f8826b02d7d1784e7c3451f9c1231d4fc162d", [:mix], [], "hexpm", "41195edbfb562a593726eda3b3e8b103a309b733ad25f3d642ba49696bf715dc"},
  "gpg_ex": {:hex, :gpg_ex, "1.0.0-alpha.4", "7c251f07e80afa53627bb872f28c025e0aae8817a73d87f5777396e2e7a014a4", [:mix], [{:elixir_uuid, "~> 1.2", [hex: :elixir_uuid, repo: "hexpm", optional: false]}], "hexpm", "5d5fa5bd965498efb8a26aebf982883043422ea568edb06c351cdb16f3c09c10"},
  "jason": {:hex, :jason, "1.4.4", "b9226785a9aa77b6857ca22832cffa5d5011a667207eb2a0ad56adb5db443b8a", [:mix], [{:decimal, "~> 1.0 or ~> 2.0", [hex: :decimal, repo: "hexpm", optional: true]}], "hexpm", "c5eb0cab91f094599f94d55bc63409236a8ec69a21a67814529e8d5f6cc90b3b"},
  "makeup": {:hex, :makeup, "1.2.1", "e90ac1c65589ef354378def3ba19d401e739ee7ee06fb47f94c687016e3713d1", [:mix], [{:nimble_parsec, "~> 1.4", [hex: :nimble_parsec, repo: "hexpm", optional: false]}], "hexpm", "d36484867b0bae0fea568d10131197a4c2e47056a6fbe84922bf6ba71c8d17ce"},
  "makeup_elixir": {:hex, :makeup_elixir, "1.0.1", "e928a4f984e795e41e3abd27bfc09f51db16ab8ba1aebdba2b3a575437efafc2", [:mix], [{:makeup, "~> 1.0", [hex: :makeup, repo: "hexpm", optional: false]}, {:nimble_parsec, "~> 1.2.3 or ~> 1.3", [hex: :nimble_parsec, repo: "hexpm", optional: false]}], "hexpm", "7284900d412a3e5cfd97fdaed4f5ed389b8f2b4cb49efc0eb3bd10e2febf9507"},
  "makeup_erlang": {:hex, :makeup_erlang, "1.0.1", "c7f58c120b2b5aa5fd80d540a89fdf866ed42f1f3994e4fe189abebeab610839", [:mix], [{:makeup, "~> 1.0", [hex: :makeup, repo: "hexpm", optional: false]}], "hexpm", "8a89a1eeccc2d798d6ea15496a6e4870b75e014d1af514b1b71fa33134f57814"},
  "mime": {:hex, :mime, "2.0.3", "3676436d3d1f7b81b5a2d2bd8405f412c677558c81b1c92be58c00562bb59095", [:mix], [], "hexpm", "27a30bf0db44d25eecba73755acf4068cbfe26a4372f9eb3e4ea3a45956bff6b"},
  "mix_test_watch": {:hex, :mix_test_watch, "1.1.0", "330bb91c8ed271fe408c42d07e0773340a7938d8a0d281d57a14243eae9dc8c3", [:mix], [{:file_system, "~> 0.2.1 or ~> 0.3", [hex: :file_system, repo: "hexpm", optional: false]}], "hexpm", "52b6b1c476cbb70fd899ca5394506482f12e5f6b0d6acff9df95c7f1e0812ec3"},
  "nimble_parsec": {:hex, :nimble_parsec, "1.4.0", "51f9b613ea62cfa97b25ccc2c1b4216e81df970acd8e16e8d1bdc58fef21370d", [:mix], [], "hexpm", "9c565862810fb383e9838c1dd2d7d2c437b3d13b267414ba6af33e50d2d1cf28"},
  "nodelix": {:hex, :nodelix, "1.0.0-alpha.15", "a36223f4ca622e5f05806ca75a00fab81078b77d103e83fd1a2331081233135e", [:mix], [{:castore, "~> 1.0", [hex: :castore, repo: "hexpm", optional: false]}, {:gpg_ex, "1.0.0-alpha.4", [hex: :gpg_ex, repo: "hexpm", optional: false]}], "hexpm", "54e39b2547139dc3ea2511620022c95eabcde904ffddca081d4323e08aba8a95"},
  "order_invariant_compare": {:hex, :order_invariant_compare, "1.0.0", "1b36603ccc01f098662cde92c7972387a93adfb16f1bcfbd1305e234b04aff84", [:mix], [], "hexpm", "e99a9f4c27c09edf6d951029719a84fa959b2df1188eb253427544d63683fdc3"},
  "plug": {:hex, :plug, "1.14.0", "ba4f558468f69cbd9f6b356d25443d0b796fbdc887e03fa89001384a9cac638f", [:mix], [{:mime, "~> 1.0 or ~> 2.0", [hex: :mime, repo: "hexpm", optional: false]}, {:plug_crypto, "~> 1.1.1 or ~> 1.2", [hex: :plug_crypto, repo: "hexpm", optional: false]}, {:telemetry, "~> 0.4.3 or ~> 1.0", [hex: :telemetry, repo: "hexpm", optional: false]}], "hexpm", "bf020432c7d4feb7b3af16a0c2701455cbbbb95e5b6866132cb09eb0c29adc14"},
  "plug_crypto": {:hex, :plug_crypto, "1.2.3", "8f77d13aeb32bfd9e654cb68f0af517b371fb34c56c9f2b58fe3df1235c1251a", [:mix], [], "hexpm", "b5672099c6ad5c202c45f5a403f21a3411247f164e4a8fab056e5cd8a290f4a2"},
  "semantic_release": {:hex, :semantic_release, "1.0.0-alpha.9", "466b1b8e56c1b407990d3cedd20f1bd3e9548040a1446717f0e18f24b4024437", [:mix], [{:nodelix, "~> 1.0.0-alpha.15", [hex: :nodelix, repo: "hexpm", optional: false]}], "hexpm", "e517125ede74d6daa9774d700f36bda981df703bfd6e20a3287120fd012d971a"},
  "stream_data": {:hex, :stream_data, "0.5.0", "b27641e58941685c75b353577dc602c9d2c12292dd84babf506c2033cd97893e", [:mix], [], "hexpm", "012bd2eec069ada4db3411f9115ccafa38540a3c78c4c0349f151fc761b9e271"},
  "telemetry": {:hex, :telemetry, "1.1.0", "a589817034a27eab11144ad24d5c0f9fab1f58173274b1e9bae7074af9cbee51", [:rebar3], [], "hexpm", "b727b2a1f75614774cff2d7565b64d0dfa5bd52ba517f16543e6fc7efcc0df48"},
}
